
Microsoft Visual Studio Solution File, Format Version 12.00
# Visual Studio Version 17
VisualStudioVersion = 17.11.35327.3
MinimumVisualStudioVersion = 10.0.40219.1
Project("{9A19103F-16F7-4668-BE54-9A1E7A4F7556}") = "API", "API\API.csproj", "{144147E7-70F4-4DA5-988D-F8D4145BA2AA}"
EndProject
Project("{FAE04EC0-301F-11D3-BF4B-00C04F79EFBC}") = "Domain", "Domain\Domain.csproj", "{EACD68BE-F7AF-403D-8298-2A53C27D802F}"
EndProject
Project("{FAE04EC0-301F-11D3-BF4B-00C04F79EFBC}") = "Application", "Application\Application.csproj", "{560AC64E-F40C-4DA3-8CA8-7D58A3E63534}"
EndProject
Project("{FAE04EC0-301F-11D3-BF4B-00C04F79EFBC}") = "Infrastructure", "Infrastructure\Infrastructure.csproj", "{9EEFF1B2-7E54-4350-A591-6EE3485A71FA}"
EndProject
Global
	GlobalSection(SolutionConfigurationPlatforms) = preSolution
		Debug|Any CPU = Debug|Any CPU
		Release|Any CPU = Release|Any CPU
	EndGlobalSection
	GlobalSection(ProjectConfigurationPlatforms) = postSolution
		{144147E7-70F4-4DA5-988D-F8D4145BA2AA}.Debug|Any CPU.ActiveCfg = Debug|Any CPU
		{144147E7-70F4-4DA5-988D-F8D4145BA2AA}.Debug|Any CPU.Build.0 = Debug|Any CPU
		{144147E7-70F4-4DA5-988D-F8D4145BA2AA}.Release|Any CPU.ActiveCfg = Release|Any CPU
		{144147E7-70F4-4DA5-988D-F8D4145BA2AA}.Release|Any CPU.Build.0 = Release|Any CPU
		{EACD68BE-F7AF-403D-8298-2A53C27D802F}.Debug|Any CPU.ActiveCfg = Debug|Any CPU
		{EACD68BE-F7AF-403D-8298-2A53C27D802F}.Debug|Any CPU.Build.0 = Debug|Any CPU
		{EACD68BE-F7AF-403D-8298-2A53C27D802F}.Release|Any CPU.ActiveCfg = Release|Any CPU
		{EACD68BE-F7AF-403D-8298-2A53C27D802F}.Release|Any CPU.Build.0 = Release|Any CPU
		{560AC64E-F40C-4DA3-8CA8-7D58A3E63534}.Debug|Any CPU.ActiveCfg = Debug|Any CPU
		{560AC64E-F40C-4DA3-8CA8-7D58A3E63534}.Debug|Any CPU.Build.0 = Debug|Any CPU
		{560AC64E-F40C-4DA3-8CA8-7D58A3E63534}.Release|Any CPU.ActiveCfg = Release|Any CPU
		{560AC64E-F40C-4DA3-8CA8-7D58A3E63534}.Release|Any CPU.Build.0 = Release|Any CPU
		{9EEFF1B2-7E54-4350-A591-6EE3485A71FA}.Debug|Any CPU.ActiveCfg = Debug|Any CPU
		{9EEFF1B2-7E54-4350-A591-6EE3485A71FA}.Debug|Any CPU.Build.0 = Debug|Any CPU
		{9EEFF1B2-7E54-4350-A591-6EE3485A71FA}.Release|Any CPU.ActiveCfg = Release|Any CPU
		{9EEFF1B2-7E54-4350-A591-6EE3485A71FA}.Release|Any CPU.Build.0 = Release|Any CPU
	EndGlobalSection
	GlobalSection(SolutionProperties) = preSolution
		HideSolutionNode = FALSE
	EndGlobalSection
	GlobalSection(ExtensibilityGlobals) = postSolution
		SolutionGuid = {A6350FD7-6DAE-4268-A3E4-2DE54B7F0993}
	EndGlobalSection
EndGlobal
